
Microsoft Visual Studio Solution File, Format Version 12.00
# Visual Studio 15
VisualStudioVersion = 15.0.28307.1000
MinimumVisualStudioVersion = 10.0.40219.1
Project("{FAE04EC0-301F-11D3-BF4B-00C04F79EFBC}") = "CartsAnimation", "CartsAnimation\CartsAnimation.csproj", "{EA56AC25-2A56-4046-8890-1DBB544CD945}"
EndProject
Global
	GlobalSection(SolutionConfigurationPlatforms) = preSolution
		Debug|Any CPU = Debug|Any CPU
		Release|Any CPU = Release|Any CPU
	EndGlobalSection
	GlobalSection(ProjectConfigurationPlatforms) = postSolution
		{EA56AC25-2A56-4046-8890-1DBB544CD945}.Debug|Any CPU.ActiveCfg = Debug|Any CPU
		{EA56AC25-2A56-4046-8890-1DBB544CD945}.Debug|Any CPU.Build.0 = Debug|Any CPU
		{EA56AC25-2A56-4046-8890-1DBB544CD945}.Release|Any CPU.ActiveCfg = Release|Any CPU
		{EA56AC25-2A56-4046-8890-1DBB544CD945}.Release|Any CPU.Build.0 = Release|Any CPU
	EndGlobalSection
	GlobalSection(SolutionProperties) = preSolution
		HideSolutionNode = FALSE
	EndGlobalSection
	GlobalSection(ExtensibilityGlobals) = postSolution
		SolutionGuid = {2BFAFE9B-7121-4F56-B2F7-6BB57325E777}
	EndGlobalSection
EndGlobal
